// !$*UTF8*$!
{
	archiveVersion = 1;
	classes = {
	};
	objectVersion = 48;
	objects = {

/* Begin PBXBuildFile section */
		051970AD1FD73EA900DF7824 /* classeDasRecompensas.swift in Sources */ = {isa = PBXBuildFile; fileRef = 051970AC1FD73EA900DF7824 /* classeDasRecompensas.swift */; };
		05C9AD461FD0A901002F9D7F /* Dosis-Light.otf in Resources */ = {isa = PBXBuildFile; fileRef = 05C9AD3F1FD0A901002F9D7F /* Dosis-Light.otf */; };
		05C9AD471FD0A901002F9D7F /* Dosis-SemiBold.otf in Resources */ = {isa = PBXBuildFile; fileRef = 05C9AD401FD0A901002F9D7F /* Dosis-SemiBold.otf */; };
		05C9AD481FD0A901002F9D7F /* Dosis-Medium.otf in Resources */ = {isa = PBXBuildFile; fileRef = 05C9AD411FD0A901002F9D7F /* Dosis-Medium.otf */; };
		05C9AD491FD0A901002F9D7F /* Dosis-ExtraBold.otf in Resources */ = {isa = PBXBuildFile; fileRef = 05C9AD421FD0A901002F9D7F /* Dosis-ExtraBold.otf */; };
		05C9AD4A1FD0A901002F9D7F /* Dosis-Regular.otf in Resources */ = {isa = PBXBuildFile; fileRef = 05C9AD431FD0A901002F9D7F /* Dosis-Regular.otf */; };
		05C9AD4B1FD0A901002F9D7F /* Dosis-Bold.ttf in Resources */ = {isa = PBXBuildFile; fileRef = 05C9AD441FD0A901002F9D7F /* Dosis-Bold.ttf */; };
		05C9AD4C1FD0A901002F9D7F /* Dosis-ExtraLight.otf in Resources */ = {isa = PBXBuildFile; fileRef = 05C9AD451FD0A901002F9D7F /* Dosis-ExtraLight.otf */; };
		05D413391FCED4A20093491C /* MetasViewController.swift in Sources */ = {isa = PBXBuildFile; fileRef = 05D413381FCED4A20093491C /* MetasViewController.swift */; };
		05D4133D1FCED4E40093491C /* InstrucoesViewController.swift in Sources */ = {isa = PBXBuildFile; fileRef = 05D4133C1FCED4E40093491C /* InstrucoesViewController.swift */; };
		05D4133F1FCED4FD0093491C /* RecompensaViewController.swift in Sources */ = {isa = PBXBuildFile; fileRef = 05D4133E1FCED4FD0093491C /* RecompensaViewController.swift */; };
		05D413451FCF4F8E0093491C /* Exercicio1Pergunta.swift in Sources */ = {isa = PBXBuildFile; fileRef = 05D413441FCF4F8E0093491C /* Exercicio1Pergunta.swift */; };
		05D413471FCF52EB0093491C /* Exercicio1ViewController.swift in Sources */ = {isa = PBXBuildFile; fileRef = 05D413461FCF52EB0093491C /* Exercicio1ViewController.swift */; };
		05D413491FCF531D0093491C /* PreExercicioViewController.swift in Sources */ = {isa = PBXBuildFile; fileRef = 05D413481FCF531D0093491C /* PreExercicioViewController.swift */; };
		282DAEE11FCF578300B59CAC /* Exercicio2ViewController.swift in Sources */ = {isa = PBXBuildFile; fileRef = 282DAEE01FCF578300B59CAC /* Exercicio2ViewController.swift */; };
		28DCCA281FCD878B00610076 /* AppDelegate.swift in Sources */ = {isa = PBXBuildFile; fileRef = 28DCCA271FCD878B00610076 /* AppDelegate.swift */; };
		28DCCA2A1FCD878B00610076 /* ViewController.swift in Sources */ = {isa = PBXBuildFile; fileRef = 28DCCA291FCD878B00610076 /* ViewController.swift */; };
		28DCCA2D1FCD878B00610076 /* Main.storyboard in Resources */ = {isa = PBXBuildFile; fileRef = 28DCCA2B1FCD878B00610076 /* Main.storyboard */; };
		28DCCA2F1FCD878B00610076 /* Assets.xcassets in Resources */ = {isa = PBXBuildFile; fileRef = 28DCCA2E1FCD878B00610076 /* Assets.xcassets */; };
		28DCCA321FCD878B00610076 /* LaunchScreen.storyboard in Resources */ = {isa = PBXBuildFile; fileRef = 28DCCA301FCD878B00610076 /* LaunchScreen.storyboard */; };
		28DCCA3D1FCD878B00610076 /* tamiasTests.swift in Sources */ = {isa = PBXBuildFile; fileRef = 28DCCA3C1FCD878B00610076 /* tamiasTests.swift */; };
		28DCCA481FCD878B00610076 /* tamiasUITests.swift in Sources */ = {isa = PBXBuildFile; fileRef = 28DCCA471FCD878B00610076 /* tamiasUITests.swift */; };
		3D1A273F1FD5EDD800DFAFAA /* imagemCollectionViewCell.swift in Sources */ = {isa = PBXBuildFile; fileRef = 3D1A273E1FD5EDD700DFAFAA /* imagemCollectionViewCell.swift */; };
		3D72DBB71FD6D40100ED49D1 /* essevaidarcertoViewController.swift in Sources */ = {isa = PBXBuildFile; fileRef = 3D72DBB61FD6D40100ED49D1 /* essevaidarcertoViewController.swift */; };
		3D72DBB91FD6DF4100ED49D1 /* Sementes.storyboard in Resources */ = {isa = PBXBuildFile; fileRef = 3D72DBB81FD6D4CE00ED49D1 /* Sementes.storyboard */; };
		3D72DBBB1FD6E65B00ED49D1 /* c1.png in Resources */ = {isa = PBXBuildFile; fileRef = 3D72DBBA1FD6E65900ED49D1 /* c1.png */; };
		3DDF3A911FCDDD2500DB2446 /* TabBarViewController.swift in Sources */ = {isa = PBXBuildFile; fileRef = 3DDF3A901FCDDD2500DB2446 /* TabBarViewController.swift */; };
/* End PBXBuildFile section */

/* Begin PBXContainerItemProxy section */
		28DCCA391FCD878B00610076 /* PBXContainerItemProxy */ = {
			isa = PBXContainerItemProxy;
			containerPortal = 28DCCA1C1FCD878B00610076 /* Project object */;
			proxyType = 1;
			remoteGlobalIDString = 28DCCA231FCD878B00610076;
			remoteInfo = tamias;
		};
		28DCCA441FCD878B00610076 /* PBXContainerItemProxy */ = {
			isa = PBXContainerItemProxy;
			containerPortal = 28DCCA1C1FCD878B00610076 /* Project object */;
			proxyType = 1;
			remoteGlobalIDString = 28DCCA231FCD878B00610076;
			remoteInfo = tamias;
		};
/* End PBXContainerItemProxy section */

/* Begin PBXFileReference section */
		051970AC1FD73EA900DF7824 /* classeDasRecompensas.swift */ = {isa = PBXFileReference; lastKnownFileType = sourcecode.swift; path = classeDasRecompensas.swift; sourceTree = "<group>"; };
		05C9AD3F1FD0A901002F9D7F /* Dosis-Light.otf */ = {isa = PBXFileReference; lastKnownFileType = file; name = "Dosis-Light.otf"; path = "../../../../Downloads/dosis/Dosis-Light.otf"; sourceTree = "<group>"; };
		05C9AD401FD0A901002F9D7F /* Dosis-SemiBold.otf */ = {isa = PBXFileReference; lastKnownFileType = file; name = "Dosis-SemiBold.otf"; path = "../../../../Downloads/dosis/Dosis-SemiBold.otf"; sourceTree = "<group>"; };
		05C9AD411FD0A901002F9D7F /* Dosis-Medium.otf */ = {isa = PBXFileReference; lastKnownFileType = file; name = "Dosis-Medium.otf"; path = "../../../../Downloads/dosis/Dosis-Medium.otf"; sourceTree = "<group>"; };
		05C9AD421FD0A901002F9D7F /* Dosis-ExtraBold.otf */ = {isa = PBXFileReference; lastKnownFileType = file; name = "Dosis-ExtraBold.otf"; path = "../../../../Downloads/dosis/Dosis-ExtraBold.otf"; sourceTree = "<group>"; };
		05C9AD431FD0A901002F9D7F /* Dosis-Regular.otf */ = {isa = PBXFileReference; lastKnownFileType = file; name = "Dosis-Regular.otf"; path = "../../../../Downloads/dosis/Dosis-Regular.otf"; sourceTree = "<group>"; };
		05C9AD441FD0A901002F9D7F /* Dosis-Bold.ttf */ = {isa = PBXFileReference; lastKnownFileType = file; path = "Dosis-Bold.ttf"; sourceTree = "<group>"; };
		05C9AD451FD0A901002F9D7F /* Dosis-ExtraLight.otf */ = {isa = PBXFileReference; lastKnownFileType = file; name = "Dosis-ExtraLight.otf"; path = "../../../../Downloads/dosis/Dosis-ExtraLight.otf"; sourceTree = "<group>"; };
		05D413381FCED4A20093491C /* MetasViewController.swift */ = {isa = PBXFileReference; lastKnownFileType = sourcecode.swift; path = MetasViewController.swift; sourceTree = "<group>"; };
		05D4133C1FCED4E40093491C /* InstrucoesViewController.swift */ = {isa = PBXFileReference; lastKnownFileType = sourcecode.swift; path = InstrucoesViewController.swift; sourceTree = "<group>"; };
		05D4133E1FCED4FD0093491C /* RecompensaViewController.swift */ = {isa = PBXFileReference; lastKnownFileType = sourcecode.swift; path = RecompensaViewController.swift; sourceTree = "<group>"; };
		05D413441FCF4F8E0093491C /* Exercicio1Pergunta.swift */ = {isa = PBXFileReference; lastKnownFileType = sourcecode.swift; path = Exercicio1Pergunta.swift; sourceTree = "<group>"; };
		05D413461FCF52EB0093491C /* Exercicio1ViewController.swift */ = {isa = PBXFileReference; lastKnownFileType = sourcecode.swift; path = Exercicio1ViewController.swift; sourceTree = "<group>"; };
		05D413481FCF531D0093491C /* PreExercicioViewController.swift */ = {isa = PBXFileReference; lastKnownFileType = sourcecode.swift; path = PreExercicioViewController.swift; sourceTree = "<group>"; };
		282DAEE01FCF578300B59CAC /* Exercicio2ViewController.swift */ = {isa = PBXFileReference; lastKnownFileType = sourcecode.swift; path = Exercicio2ViewController.swift; sourceTree = "<group>"; };
		28DCCA241FCD878B00610076 /* tamias.app */ = {isa = PBXFileReference; explicitFileType = wrapper.application; includeInIndex = 0; path = tamias.app; sourceTree = BUILT_PRODUCTS_DIR; };
		28DCCA271FCD878B00610076 /* AppDelegate.swift */ = {isa = PBXFileReference; lastKnownFileType = sourcecode.swift; path = AppDelegate.swift; sourceTree = "<group>"; };
		28DCCA291FCD878B00610076 /* ViewController.swift */ = {isa = PBXFileReference; lastKnownFileType = sourcecode.swift; path = ViewController.swift; sourceTree = "<group>"; };
		28DCCA2C1FCD878B00610076 /* Base */ = {isa = PBXFileReference; lastKnownFileType = file.storyboard; name = Base; path = Base.lproj/Main.storyboard; sourceTree = "<group>"; };
		28DCCA2E1FCD878B00610076 /* Assets.xcassets */ = {isa = PBXFileReference; lastKnownFileType = folder.assetcatalog; path = Assets.xcassets; sourceTree = "<group>"; };
		28DCCA311FCD878B00610076 /* Base */ = {isa = PBXFileReference; lastKnownFileType = file.storyboard; name = Base; path = Base.lproj/LaunchScreen.storyboard; sourceTree = "<group>"; };
		28DCCA331FCD878B00610076 /* Info.plist */ = {isa = PBXFileReference; lastKnownFileType = text.plist.xml; path = Info.plist; sourceTree = "<group>"; };
		28DCCA381FCD878B00610076 /* tamiasTests.xctest */ = {isa = PBXFileReference; explicitFileType = wrapper.cfbundle; includeInIndex = 0; path = tamiasTests.xctest; sourceTree = BUILT_PRODUCTS_DIR; };
		28DCCA3C1FCD878B00610076 /* tamiasTests.swift */ = {isa = PBXFileReference; lastKnownFileType = sourcecode.swift; path = tamiasTests.swift; sourceTree = "<group>"; };
		28DCCA3E1FCD878B00610076 /* Info.plist */ = {isa = PBXFileReference; lastKnownFileType = text.plist.xml; path = Info.plist; sourceTree = "<group>"; };
		28DCCA431FCD878B00610076 /* tamiasUITests.xctest */ = {isa = PBXFileReference; explicitFileType = wrapper.cfbundle; includeInIndex = 0; path = tamiasUITests.xctest; sourceTree = BUILT_PRODUCTS_DIR; };
		28DCCA471FCD878B00610076 /* tamiasUITests.swift */ = {isa = PBXFileReference; lastKnownFileType = sourcecode.swift; path = tamiasUITests.swift; sourceTree = "<group>"; };
		28DCCA491FCD878B00610076 /* Info.plist */ = {isa = PBXFileReference; lastKnownFileType = text.plist.xml; path = Info.plist; sourceTree = "<group>"; };
		3D1A273E1FD5EDD700DFAFAA /* imagemCollectionViewCell.swift */ = {isa = PBXFileReference; lastKnownFileType = sourcecode.swift; path = imagemCollectionViewCell.swift; sourceTree = "<group>"; };
		3D72DBB61FD6D40100ED49D1 /* essevaidarcertoViewController.swift */ = {isa = PBXFileReference; fileEncoding = 4; lastKnownFileType = sourcecode.swift; path = essevaidarcertoViewController.swift; sourceTree = "<group>"; };
		3D72DBB81FD6D4CE00ED49D1 /* Sementes.storyboard */ = {isa = PBXFileReference; lastKnownFileType = file.storyboard; path = Sementes.storyboard; sourceTree = "<group>"; };
		3D72DBBA1FD6E65900ED49D1 /* c1.png */ = {isa = PBXFileReference; lastKnownFileType = image.png; path = c1.png; sourceTree = "<group>"; };
		3DDF3A901FCDDD2500DB2446 /* TabBarViewController.swift */ = {isa = PBXFileReference; lastKnownFileType = sourcecode.swift; path = TabBarViewController.swift; sourceTree = "<group>"; };
/* End PBXFileReference section */

/* Begin PBXFrameworksBuildPhase section */
		28DCCA211FCD878B00610076 /* Frameworks */ = {
			isa = PBXFrameworksBuildPhase;
			buildActionMask = 2147483647;
			files = (
			);
			runOnlyForDeploymentPostprocessing = 0;
		};
		28DCCA351FCD878B00610076 /* Frameworks */ = {
			isa = PBXFrameworksBuildPhase;
			buildActionMask = 2147483647;
			files = (
			);
			runOnlyForDeploymentPostprocessing = 0;
		};
		28DCCA401FCD878B00610076 /* Frameworks */ = {
			isa = PBXFrameworksBuildPhase;
			buildActionMask = 2147483647;
			files = (
			);
			runOnlyForDeploymentPostprocessing = 0;
		};
/* End PBXFrameworksBuildPhase section */

/* Begin PBXGroup section */
		28DCCA1B1FCD878B00610076 = {
			isa = PBXGroup;
			children = (
				28DCCA261FCD878B00610076 /* tamias */,
				28DCCA3B1FCD878B00610076 /* tamiasTests */,
				28DCCA461FCD878B00610076 /* tamiasUITests */,
				28DCCA251FCD878B00610076 /* Products */,
			);
			sourceTree = "<group>";
		};
		28DCCA251FCD878B00610076 /* Products */ = {
			isa = PBXGroup;
			children = (
				28DCCA241FCD878B00610076 /* tamias.app */,
				28DCCA381FCD878B00610076 /* tamiasTests.xctest */,
				28DCCA431FCD878B00610076 /* tamiasUITests.xctest */,
			);
			name = Products;
			sourceTree = "<group>";
		};
		28DCCA261FCD878B00610076 /* tamias */ = {
			isa = PBXGroup;
			children = (
				28DCCA291FCD878B00610076 /* ViewController.swift */,
				051970AC1FD73EA900DF7824 /* classeDasRecompensas.swift */,
				28DCCA271FCD878B00610076 /* AppDelegate.swift */,
				28DCCA2B1FCD878B00610076 /* Main.storyboard */,
				282DAEE01FCF578300B59CAC /* Exercicio2ViewController.swift */,
				05D413481FCF531D0093491C /* PreExercicioViewController.swift */,
				05D413461FCF52EB0093491C /* Exercicio1ViewController.swift */,
				05D413441FCF4F8E0093491C /* Exercicio1Pergunta.swift */,
				3D1A273E1FD5EDD700DFAFAA /* imagemCollectionViewCell.swift */,
				3D72DBB61FD6D40100ED49D1 /* essevaidarcertoViewController.swift */,
				3D72DBB81FD6D4CE00ED49D1 /* Sementes.storyboard */,
				3D72DBBA1FD6E65900ED49D1 /* c1.png */,
				05D413381FCED4A20093491C /* MetasViewController.swift */,
				05D4133C1FCED4E40093491C /* InstrucoesViewController.swift */,
				05D4133E1FCED4FD0093491C /* RecompensaViewController.swift */,
				3DDF3AA41FCDFDA500DB2446 /* DosisFont */,
				3DDF3A901FCDDD2500DB2446 /* TabBarViewController.swift */,
				28DCCA2E1FCD878B00610076 /* Assets.xcassets */,
				28DCCA301FCD878B00610076 /* LaunchScreen.storyboard */,
				28DCCA331FCD878B00610076 /* Info.plist */,
			);
			path = tamias;
			sourceTree = "<group>";
		};
		28DCCA3B1FCD878B00610076 /* tamiasTests */ = {
			isa = PBXGroup;
			children = (
				28DCCA3C1FCD878B00610076 /* tamiasTests.swift */,
				28DCCA3E1FCD878B00610076 /* Info.plist */,
			);
			path = tamiasTests;
			sourceTree = "<group>";
		};
		28DCCA461FCD878B00610076 /* tamiasUITests */ = {
			isa = PBXGroup;
			children = (
				28DCCA471FCD878B00610076 /* tamiasUITests.swift */,
				28DCCA491FCD878B00610076 /* Info.plist */,
			);
			path = tamiasUITests;
			sourceTree = "<group>";
		};
		3DDF3AA41FCDFDA500DB2446 /* DosisFont */ = {
			isa = PBXGroup;
			children = (
				05C9AD441FD0A901002F9D7F /* Dosis-Bold.ttf */,
				05C9AD421FD0A901002F9D7F /* Dosis-ExtraBold.otf */,
				05C9AD451FD0A901002F9D7F /* Dosis-ExtraLight.otf */,
				05C9AD3F1FD0A901002F9D7F /* Dosis-Light.otf */,
				05C9AD411FD0A901002F9D7F /* Dosis-Medium.otf */,
				05C9AD431FD0A901002F9D7F /* Dosis-Regular.otf */,
				05C9AD401FD0A901002F9D7F /* Dosis-SemiBold.otf */,
			);
			path = DosisFont;
			sourceTree = "<group>";
		};
/* End PBXGroup section */

/* Begin PBXNativeTarget section */
		28DCCA231FCD878B00610076 /* tamias */ = {
			isa = PBXNativeTarget;
			buildConfigurationList = 28DCCA4C1FCD878B00610076 /* Build configuration list for PBXNativeTarget "tamias" */;
			buildPhases = (
				28DCCA201FCD878B00610076 /* Sources */,
				28DCCA211FCD878B00610076 /* Frameworks */,
				28DCCA221FCD878B00610076 /* Resources */,
			);
			buildRules = (
			);
			dependencies = (
			);
			name = tamias;
			productName = tamias;
			productReference = 28DCCA241FCD878B00610076 /* tamias.app */;
			productType = "com.apple.product-type.application";
		};
		28DCCA371FCD878B00610076 /* tamiasTests */ = {
			isa = PBXNativeTarget;
			buildConfigurationList = 28DCCA4F1FCD878B00610076 /* Build configuration list for PBXNativeTarget "tamiasTests" */;
			buildPhases = (
				28DCCA341FCD878B00610076 /* Sources */,
				28DCCA351FCD878B00610076 /* Frameworks */,
				28DCCA361FCD878B00610076 /* Resources */,
			);
			buildRules = (
			);
			dependencies = (
				28DCCA3A1FCD878B00610076 /* PBXTargetDependency */,
			);
			name = tamiasTests;
			productName = tamiasTests;
			productReference = 28DCCA381FCD878B00610076 /* tamiasTests.xctest */;
			productType = "com.apple.product-type.bundle.unit-test";
		};
		28DCCA421FCD878B00610076 /* tamiasUITests */ = {
			isa = PBXNativeTarget;
			buildConfigurationList = 28DCCA521FCD878B00610076 /* Build configuration list for PBXNativeTarget "tamiasUITests" */;
			buildPhases = (
				28DCCA3F1FCD878B00610076 /* Sources */,
				28DCCA401FCD878B00610076 /* Frameworks */,
				28DCCA411FCD878B00610076 /* Resources */,
			);
			buildRules = (
			);
			dependencies = (
				28DCCA451FCD878B00610076 /* PBXTargetDependency */,
			);
			name = tamiasUITests;
			productName = tamiasUITests;
			productReference = 28DCCA431FCD878B00610076 /* tamiasUITests.xctest */;
			productType = "com.apple.product-type.bundle.ui-testing";
		};
/* End PBXNativeTarget section */

/* Begin PBXProject section */
		28DCCA1C1FCD878B00610076 /* Project object */ = {
			isa = PBXProject;
			attributes = {
				LastSwiftUpdateCheck = 0900;
				LastUpgradeCheck = 0900;
				ORGANIZATIONNAME = "Milena Almeida Ferraz";
				TargetAttributes = {
					28DCCA231FCD878B00610076 = {
						CreatedOnToolsVersion = 9.0;
						ProvisioningStyle = Automatic;
					};
					28DCCA371FCD878B00610076 = {
						CreatedOnToolsVersion = 9.0;
						ProvisioningStyle = Automatic;
						TestTargetID = 28DCCA231FCD878B00610076;
					};
					28DCCA421FCD878B00610076 = {
						CreatedOnToolsVersion = 9.0;
						ProvisioningStyle = Automatic;
						TestTargetID = 28DCCA231FCD878B00610076;
					};
				};
			};
			buildConfigurationList = 28DCCA1F1FCD878B00610076 /* Build configuration list for PBXProject "tamias" */;
			compatibilityVersion = "Xcode 8.0";
			developmentRegion = en;
			hasScannedForEncodings = 0;
			knownRegions = (
				en,
				Base,
			);
			mainGroup = 28DCCA1B1FCD878B00610076;
			productRefGroup = 28DCCA251FCD878B00610076 /* Products */;
			projectDirPath = "";
			projectRoot = "";
			targets = (
				28DCCA231FCD878B00610076 /* tamias */,
				28DCCA371FCD878B00610076 /* tamiasTests */,
				28DCCA421FCD878B00610076 /* tamiasUITests */,
			);
		};
/* End PBXProject section */

/* Begin PBXResourcesBuildPhase section */
		28DCCA221FCD878B00610076 /* Resources */ = {
			isa = PBXResourcesBuildPhase;
			buildActionMask = 2147483647;
			files = (
				05C9AD4B1FD0A901002F9D7F /* Dosis-Bold.ttf in Resources */,
				28DCCA321FCD878B00610076 /* LaunchScreen.storyboard in Resources */,
				3D72DBB91FD6DF4100ED49D1 /* Sementes.storyboard in Resources */,
				28DCCA2F1FCD878B00610076 /* Assets.xcassets in Resources */,
				05C9AD481FD0A901002F9D7F /* Dosis-Medium.otf in Resources */,
				05C9AD461FD0A901002F9D7F /* Dosis-Light.otf in Resources */,
				05C9AD4C1FD0A901002F9D7F /* Dosis-ExtraLight.otf in Resources */,
				05C9AD491FD0A901002F9D7F /* Dosis-ExtraBold.otf in Resources */,
				3D72DBBB1FD6E65B00ED49D1 /* c1.png in Resources */,
				05C9AD471FD0A901002F9D7F /* Dosis-SemiBold.otf in Resources */,
				05C9AD4A1FD0A901002F9D7F /* Dosis-Regular.otf in Resources */,
				28DCCA2D1FCD878B00610076 /* Main.storyboard in Resources */,
			);
			runOnlyForDeploymentPostprocessing = 0;
		};
		28DCCA361FCD878B00610076 /* Resources */ = {
			isa = PBXResourcesBuildPhase;
			buildActionMask = 2147483647;
			files = (
			);
			runOnlyForDeploymentPostprocessing = 0;
		};
		28DCCA411FCD878B00610076 /* Resources */ = {
			isa = PBXResourcesBuildPhase;
			buildActionMask = 2147483647;
			files = (
			);
			runOnlyForDeploymentPostprocessing = 0;
		};
/* End PBXResourcesBuildPhase section */

/* Begin PBXSourcesBuildPhase section */
		28DCCA201FCD878B00610076 /* Sources */ = {
			isa = PBXSourcesBuildPhase;
			buildActionMask = 2147483647;
			files = (
				3D1A273F1FD5EDD800DFAFAA /* imagemCollectionViewCell.swift in Sources */,
				28DCCA2A1FCD878B00610076 /* ViewController.swift in Sources */,
				05D413491FCF531D0093491C /* PreExercicioViewController.swift in Sources */,
				05D4133F1FCED4FD0093491C /* RecompensaViewController.swift in Sources */,
				3DDF3A911FCDDD2500DB2446 /* TabBarViewController.swift in Sources */,
				3D72DBB71FD6D40100ED49D1 /* essevaidarcertoViewController.swift in Sources */,
				282DAEE11FCF578300B59CAC /* Exercicio2ViewController.swift in Sources */,
				05D413471FCF52EB0093491C /* Exercicio1ViewController.swift in Sources */,
				05D413391FCED4A20093491C /* MetasViewController.swift in Sources */,
				051970AD1FD73EA900DF7824 /* classeDasRecompensas.swift in Sources */,
				28DCCA281FCD878B00610076 /* AppDelegate.swift in Sources */,
				05D4133D1FCED4E40093491C /* InstrucoesViewController.swift in Sources */,
				05D413451FCF4F8E0093491C /* Exercicio1Pergunta.swift in Sources */,
			);
			runOnlyForDeploymentPostprocessing = 0;
		};
		28DCCA341FCD878B00610076 /* Sources */ = {
			isa = PBXSourcesBuildPhase;
			buildActionMask = 2147483647;
			files = (
				28DCCA3D1FCD878B00610076 /* tamiasTests.swift in Sources */,
			);
			runOnlyForDeploymentPostprocessing = 0;
		};
		28DCCA3F1FCD878B00610076 /* Sources */ = {
			isa = PBXSourcesBuildPhase;
			buildActionMask = 2147483647;
			files = (
				28DCCA481FCD878B00610076 /* tamiasUITests.swift in Sources */,
			);
			runOnlyForDeploymentPostprocessing = 0;
		};
/* End PBXSourcesBuildPhase section */

/* Begin PBXTargetDependency section */
		28DCCA3A1FCD878B00610076 /* PBXTargetDependency */ = {
			isa = PBXTargetDependency;
			target = 28DCCA231FCD878B00610076 /* tamias */;
			targetProxy = 28DCCA391FCD878B00610076 /* PBXContainerItemProxy */;
		};
		28DCCA451FCD878B00610076 /* PBXTargetDependency */ = {
			isa = PBXTargetDependency;
			target = 28DCCA231FCD878B00610076 /* tamias */;
			targetProxy = 28DCCA441FCD878B00610076 /* PBXContainerItemProxy */;
		};
/* End PBXTargetDependency section */

/* Begin PBXVariantGroup section */
		28DCCA2B1FCD878B00610076 /* Main.storyboard */ = {
			isa = PBXVariantGroup;
			children = (
				28DCCA2C1FCD878B00610076 /* Base */,
			);
			name = Main.storyboard;
			sourceTree = "<group>";
		};
		28DCCA301FCD878B00610076 /* LaunchScreen.storyboard */ = {
			isa = PBXVariantGroup;
			children = (
				28DCCA311FCD878B00610076 /* Base */,
			);
			name = LaunchScreen.storyboard;
			sourceTree = "<group>";
		};
/* End PBXVariantGroup section */

/* Begin XCBuildConfiguration section */
		28DCCA4A1FCD878B00610076 /* Debug */ = {
			isa = XCBuildConfiguration;
			buildSettings = {
				ALWAYS_SEARCH_USER_PATHS = NO;
				CLANG_ANALYZER_NONNULL = YES;
				CLANG_ANALYZER_NUMBER_OBJECT_CONVERSION = YES_AGGRESSIVE;
				CLANG_CXX_LANGUAGE_STANDARD = "gnu++14";
				CLANG_CXX_LIBRARY = "libc++";
				CLANG_ENABLE_MODULES = YES;
				CLANG_ENABLE_OBJC_ARC = YES;
				CLANG_WARN_BLOCK_CAPTURE_AUTORELEASING = YES;
				CLANG_WARN_BOOL_CONVERSION = YES;
				CLANG_WARN_COMMA = YES;
				CLANG_WARN_CONSTANT_CONVERSION = YES;
				CLANG_WARN_DIRECT_OBJC_ISA_USAGE = YES_ERROR;
				CLANG_WARN_DOCUMENTATION_COMMENTS = YES;
				CLANG_WARN_EMPTY_BODY = YES;
				CLANG_WARN_ENUM_CONVERSION = YES;
				CLANG_WARN_INFINITE_RECURSION = YES;
				CLANG_WARN_INT_CONVERSION = YES;
				CLANG_WARN_NON_LITERAL_NULL_CONVERSION = YES;
				CLANG_WARN_OBJC_LITERAL_CONVERSION = YES;
				CLANG_WARN_OBJC_ROOT_CLASS = YES_ERROR;
				CLANG_WARN_RANGE_LOOP_ANALYSIS = YES;
				CLANG_WARN_STRICT_PROTOTYPES = YES;
				CLANG_WARN_SUSPICIOUS_MOVE = YES;
				CLANG_WARN_UNGUARDED_AVAILABILITY = YES_AGGRESSIVE;
				CLANG_WARN_UNREACHABLE_CODE = YES;
				CLANG_WARN__DUPLICATE_METHOD_MATCH = YES;
				CODE_SIGN_IDENTITY = "iPhone Developer";
				COPY_PHASE_STRIP = NO;
				DEBUG_INFORMATION_FORMAT = dwarf;
				ENABLE_STRICT_OBJC_MSGSEND = YES;
				ENABLE_TESTABILITY = YES;
				GCC_C_LANGUAGE_STANDARD = gnu11;
				GCC_DYNAMIC_NO_PIC = NO;
				GCC_NO_COMMON_BLOCKS = YES;
				GCC_OPTIMIZATION_LEVEL = 0;
				GCC_PREPROCESSOR_DEFINITIONS = (
					"DEBUG=1",
					"$(inherited)",
				);
				GCC_WARN_64_TO_32_BIT_CONVERSION = YES;
				GCC_WARN_ABOUT_RETURN_TYPE = YES_ERROR;
				GCC_WARN_UNDECLARED_SELECTOR = YES;
				GCC_WARN_UNINITIALIZED_AUTOS = YES_AGGRESSIVE;
				GCC_WARN_UNUSED_FUNCTION = YES;
				GCC_WARN_UNUSED_VARIABLE = YES;
				IPHONEOS_DEPLOYMENT_TARGET = 11.0;
				MTL_ENABLE_DEBUG_INFO = YES;
				ONLY_ACTIVE_ARCH = YES;
				SDKROOT = iphoneos;
				SWIFT_ACTIVE_COMPILATION_CONDITIONS = DEBUG;
				SWIFT_OPTIMIZATION_LEVEL = "-Onone";
			};
			name = Debug;
		};
		28DCCA4B1FCD878B00610076 /* Release */ = {
			isa = XCBuildConfiguration;
			buildSettings = {
				ALWAYS_SEARCH_USER_PATHS = NO;
				CLANG_ANALYZER_NONNULL = YES;
				CLANG_ANALYZER_NUMBER_OBJECT_CONVERSION = YES_AGGRESSIVE;
				CLANG_CXX_LANGUAGE_STANDARD = "gnu++14";
				CLANG_CXX_LIBRARY = "libc++";
				CLANG_ENABLE_MODULES = YES;
				CLANG_ENABLE_OBJC_ARC = YES;
				CLANG_WARN_BLOCK_CAPTURE_AUTORELEASING = YES;
				CLANG_WARN_BOOL_CONVERSION = YES;
				CLANG_WARN_COMMA = YES;
				CLANG_WARN_CONSTANT_CONVERSION = YES;
				CLANG_WARN_DIRECT_OBJC_ISA_USAGE = YES_ERROR;
				CLANG_WARN_DOCUMENTATION_COMMENTS = YES;
				CLANG_WARN_EMPTY_BODY = YES;
				CLANG_WARN_ENUM_CONVERSION = YES;
				CLANG_WARN_INFINITE_RECURSION = YES;
				CLANG_WARN_INT_CONVERSION = YES;
				CLANG_WARN_NON_LITERAL_NULL_CONVERSION = YES;
				CLANG_WARN_OBJC_LITERAL_CONVERSION = YES;
				CLANG_WARN_OBJC_ROOT_CLASS = YES_ERROR;
				CLANG_WARN_RANGE_LOOP_ANALYSIS = YES;
				CLANG_WARN_STRICT_PROTOTYPES = YES;
				CLANG_WARN_SUSPICIOUS_MOVE = YES;
				CLANG_WARN_UNGUARDED_AVAILABILITY = YES_AGGRESSIVE;
				CLANG_WARN_UNREACHABLE_CODE = YES;
				CLANG_WARN__DUPLICATE_METHOD_MATCH = YES;
				CODE_SIGN_IDENTITY = "iPhone Developer";
				COPY_PHASE_STRIP = NO;
				DEBUG_INFORMATION_FORMAT = "dwarf-with-dsym";
				ENABLE_NS_ASSERTIONS = NO;
				ENABLE_STRICT_OBJC_MSGSEND = YES;
				GCC_C_LANGUAGE_STANDARD = gnu11;
				GCC_NO_COMMON_BLOCKS = YES;
				GCC_WARN_64_TO_32_BIT_CONVERSION = YES;
				GCC_WARN_ABOUT_RETURN_TYPE = YES_ERROR;
				GCC_WARN_UNDECLARED_SELECTOR = YES;
				GCC_WARN_UNINITIALIZED_AUTOS = YES_AGGRESSIVE;
				GCC_WARN_UNUSED_FUNCTION = YES;
				GCC_WARN_UNUSED_VARIABLE = YES;
				IPHONEOS_DEPLOYMENT_TARGET = 11.0;
				MTL_ENABLE_DEBUG_INFO = NO;
				SDKROOT = iphoneos;
				SWIFT_OPTIMIZATION_LEVEL = "-Owholemodule";
				VALIDATE_PRODUCT = YES;
			};
			name = Release;
		};
		28DCCA4D1FCD878B00610076 /* Debug */ = {
			isa = XCBuildConfiguration;
			buildSettings = {
				ASSETCATALOG_COMPILER_APPICON_NAME = AppIcon;
				"CODE_SIGN_IDENTITY[sdk=iphoneos*]" = "iPhone Developer";
				CODE_SIGN_STYLE = Automatic;
				DEVELOPMENT_TEAM = Z722D23FYU;
				INFOPLIST_FILE = tamias/Info.plist;
				IPHONEOS_DEPLOYMENT_TARGET = 10.2;
				LD_RUNPATH_SEARCH_PATHS = "$(inherited) @executable_path/Frameworks";
				PRODUCT_BUNDLE_IDENTIFIER = .cin2;
				PRODUCT_NAME = "$(TARGET_NAME)";
				PROVISIONING_PROFILE_SPECIFIER = "";
				SWIFT_VERSION = 4.0;
				TARGETED_DEVICE_FAMILY = "1,2";
			};
			name = Debug;
		};
		28DCCA4E1FCD878B00610076 /* Release */ = {
			isa = XCBuildConfiguration;
			buildSettings = {
				ASSETCATALOG_COMPILER_APPICON_NAME = AppIcon;
				"CODE_SIGN_IDENTITY[sdk=iphoneos*]" = "iPhone Developer";
				CODE_SIGN_STYLE = Automatic;
				DEVELOPMENT_TEAM = Z722D23FYU;
				INFOPLIST_FILE = tamias/Info.plist;
				IPHONEOS_DEPLOYMENT_TARGET = 10.2;
				LD_RUNPATH_SEARCH_PATHS = "$(inherited) @executable_path/Frameworks";
				PRODUCT_BUNDLE_IDENTIFIER = .cin2;
				PRODUCT_NAME = "$(TARGET_NAME)";
				PROVISIONING_PROFILE_SPECIFIER = "";
				SWIFT_VERSION = 4.0;
				TARGETED_DEVICE_FAMILY = "1,2";
			};
			name = Release;
		};
		28DCCA501FCD878B00610076 /* Debug */ = {
			isa = XCBuildConfiguration;
			buildSettings = {
				ALWAYS_EMBED_SWIFT_STANDARD_LIBRARIES = YES;
				BUNDLE_LOADER = "$(TEST_HOST)";
				CODE_SIGN_STYLE = Automatic;
				INFOPLIST_FILE = tamiasTests/Info.plist;
				LD_RUNPATH_SEARCH_PATHS = "$(inherited) @executable_path/Frameworks @loader_path/Frameworks";
				PRODUCT_BUNDLE_IDENTIFIER = br.ufpe.cin.tamiasTests;
				PRODUCT_NAME = "$(TARGET_NAME)";
				SWIFT_VERSION = 4.0;
				TARGETED_DEVICE_FAMILY = "1,2";
				TEST_HOST = "$(BUILT_PRODUCTS_DIR)/tamias.app/tamias";
			};
			name = Debug;
		};
		28DCCA511FCD878B00610076 /* Release */ = {
			isa = XCBuildConfiguration;
			buildSettings = {
				ALWAYS_EMBED_SWIFT_STANDARD_LIBRARIES = YES;
				BUNDLE_LOADER = "$(TEST_HOST)";
				CODE_SIGN_STYLE = Automatic;
				INFOPLIST_FILE = tamiasTests/Info.plist;
				LD_RUNPATH_SEARCH_PATHS = "$(inherited) @executable_path/Frameworks @loader_path/Frameworks";
				PRODUCT_BUNDLE_IDENTIFIER = br.ufpe.cin.tamiasTests;
				PRODUCT_NAME = "$(TARGET_NAME)";
				SWIFT_VERSION = 4.0;
				TARGETED_DEVICE_FAMILY = "1,2";
				TEST_HOST = "$(BUILT_PRODUCTS_DIR)/tamias.app/tamias";
			};
			name = Release;
		};
		28DCCA531FCD878B00610076 /* Debug */ = {
			isa = XCBuildConfiguration;
			buildSettings = {
				ALWAYS_EMBED_SWIFT_STANDARD_LIBRARIES = YES;
				CODE_SIGN_STYLE = Automatic;
				INFOPLIST_FILE = tamiasUITests/Info.plist;
				LD_RUNPATH_SEARCH_PATHS = "$(inherited) @executable_path/Frameworks @loader_path/Frameworks";
				PRODUCT_BUNDLE_IDENTIFIER = br.ufpe.cin.tamiasUITests;
				PRODUCT_NAME = "$(TARGET_NAME)";
				SWIFT_VERSION = 4.0;
				TARGETED_DEVICE_FAMILY = "1,2";
				TEST_TARGET_NAME = tamias;
			};
			name = Debug;
		};
		28DCCA541FCD878B00610076 /* Release */ = {
			isa = XCBuildConfiguration;
			buildSettings = {
				ALWAYS_EMBED_SWIFT_STANDARD_LIBRARIES = YES;
				CODE_SIGN_STYLE = Automatic;
				INFOPLIST_FILE = tamiasUITests/Info.plist;
				LD_RUNPATH_SEARCH_PATHS = "$(inherited) @executable_path/Frameworks @loader_path/Frameworks";
				PRODUCT_BUNDLE_IDENTIFIER = br.ufpe.cin.tamiasUITests;
				PRODUCT_NAME = "$(TARGET_NAME)";
				SWIFT_VERSION = 4.0;
				TARGETED_DEVICE_FAMILY = "1,2";
				TEST_TARGET_NAME = tamias;
			};
			name = Release;
		};
/* End XCBuildConfiguration section */

/* Begin XCConfigurationList section */
		28DCCA1F1FCD878B00610076 /* Build configuration list for PBXProject "tamias" */ = {
			isa = XCConfigurationList;
			buildConfigurations = (
				28DCCA4A1FCD878B00610076 /* Debug */,
				28DCCA4B1FCD878B00610076 /* Release */,
			);
			defaultConfigurationIsVisible = 0;
			defaultConfigurationName = Release;
		};
		28DCCA4C1FCD878B00610076 /* Build configuration list for PBXNativeTarget "tamias" */ = {
			isa = XCConfigurationList;
			buildConfigurations = (
				28DCCA4D1FCD878B00610076 /* Debug */,
				28DCCA4E1FCD878B00610076 /* Release */,
			);
			defaultConfigurationIsVisible = 0;
			defaultConfigurationName = Release;
		};
		28DCCA4F1FCD878B00610076 /* Build configuration list for PBXNativeTarget "tamiasTests" */ = {
			isa = XCConfigurationList;
			buildConfigurations = (
				28DCCA501FCD878B00610076 /* Debug */,
				28DCCA511FCD878B00610076 /* Release */,
			);
			defaultConfigurationIsVisible = 0;
			defaultConfigurationName = Release;
		};
		28DCCA521FCD878B00610076 /* Build configuration list for PBXNativeTarget "tamiasUITests" */ = {
			isa = XCConfigurationList;
			buildConfigurations = (
				28DCCA531FCD878B00610076 /* Debug */,
				28DCCA541FCD878B00610076 /* Release */,
			);
			defaultConfigurationIsVisible = 0;
			defaultConfigurationName = Release;
		};
/* End XCConfigurationList section */
	};
	rootObject = 28DCCA1C1FCD878B00610076 /* Project object */;
}
